
Microsoft Visual Studio Solution File, Format Version 12.00
# Visual Studio Version 17
VisualStudioVersion = 17.13.35825.156 d17.13
MinimumVisualStudioVersion = 10.0.40219.1
Project("{FAE04EC0-301F-11D3-BF4B-00C04F79EFBC}") = "Hospital.api", "Hospital.api\Hospital.api.csproj", "{293B47D8-1431-4FCB-944B-085F60AEBC99}"
EndProject
Project("{FAE04EC0-301F-11D3-BF4B-00C04F79EFBC}") = "Hospital.DAL", "Hospital.DAL\Hospital.DAL.csproj", "{8F51F700-CC15-4E45-AB6E-D6156E32BF8A}"
EndProject
Project("{FAE04EC0-301F-11D3-BF4B-00C04F79EFBC}") = "Hospital.BLL", "Hospital.BLL\Hospital.BLL.csproj", "{1ECD6034-C602-4028-9F34-F3553ACBFE3C}"
EndProject
Global
	GlobalSection(SolutionConfigurationPlatforms) = preSolution
		Debug|Any CPU = Debug|Any CPU
		Release|Any CPU = Release|Any CPU
	EndGlobalSection
	GlobalSection(ProjectConfigurationPlatforms) = postSolution
		{293B47D8-1431-4FCB-944B-085F60AEBC99}.Debug|Any CPU.ActiveCfg = Debug|Any CPU
		{293B47D8-1431-4FCB-944B-085F60AEBC99}.Debug|Any CPU.Build.0 = Debug|Any CPU
		{293B47D8-1431-4FCB-944B-085F60AEBC99}.Release|Any CPU.ActiveCfg = Release|Any CPU
		{293B47D8-1431-4FCB-944B-085F60AEBC99}.Release|Any CPU.Build.0 = Release|Any CPU
		{8F51F700-CC15-4E45-AB6E-D6156E32BF8A}.Debug|Any CPU.ActiveCfg = Debug|Any CPU
		{8F51F700-CC15-4E45-AB6E-D6156E32BF8A}.Debug|Any CPU.Build.0 = Debug|Any CPU
		{8F51F700-CC15-4E45-AB6E-D6156E32BF8A}.Release|Any CPU.ActiveCfg = Release|Any CPU
		{8F51F700-CC15-4E45-AB6E-D6156E32BF8A}.Release|Any CPU.Build.0 = Release|Any CPU
		{1ECD6034-C602-4028-9F34-F3553ACBFE3C}.Debug|Any CPU.ActiveCfg = Debug|Any CPU
		{1ECD6034-C602-4028-9F34-F3553ACBFE3C}.Debug|Any CPU.Build.0 = Debug|Any CPU
		{1ECD6034-C602-4028-9F34-F3553ACBFE3C}.Release|Any CPU.ActiveCfg = Release|Any CPU
		{1ECD6034-C602-4028-9F34-F3553ACBFE3C}.Release|Any CPU.Build.0 = Release|Any CPU
	EndGlobalSection
	GlobalSection(SolutionProperties) = preSolution
		HideSolutionNode = FALSE
	EndGlobalSection
	GlobalSection(ExtensibilityGlobals) = postSolution
		SolutionGuid = {BE004035-4783-44B3-BCE3-8F19196AE892}
	EndGlobalSection
EndGlobal
